
Microsoft Visual Studio Solution File, Format Version 12.00
# Visual Studio Version 17
VisualStudioVersion = 17.7.34003.232
MinimumVisualStudioVersion = 10.0.40219.1
Project("{FAE04EC0-301F-11D3-BF4B-00C04F79EFBC}") = "Coursework", "Coursework.csproj", "{02CECA51-14C4-4D47-BBB6-C810C2397443}"
EndProject
Global
	GlobalSection(SolutionConfigurationPlatforms) = preSolution
		Debug|Any CPU = Debug|Any CPU
		Release|Any CPU = Release|Any CPU
	EndGlobalSection
	GlobalSection(ProjectConfigurationPlatforms) = postSolution
		{02CECA51-14C4-4D47-BBB6-C810C2397443}.Debug|Any CPU.ActiveCfg = Debug|Any CPU
		{02CECA51-14C4-4D47-BBB6-C810C2397443}.Debug|Any CPU.Build.0 = Debug|Any CPU
		{02CECA51-14C4-4D47-BBB6-C810C2397443}.Release|Any CPU.ActiveCfg = Release|Any CPU
		{02CECA51-14C4-4D47-BBB6-C810C2397443}.Release|Any CPU.Build.0 = Release|Any CPU
	EndGlobalSection
	GlobalSection(SolutionProperties) = preSolution
		HideSolutionNode = FALSE
	EndGlobalSection
	GlobalSection(ExtensibilityGlobals) = postSolution
		SolutionGuid = {6E7E985C-8B43-4A69-8EBA-7FE07DF3A643}
	EndGlobalSection
EndGlobal
